
Microsoft Visual Studio Solution File, Format Version 12.00
# Visual Studio Version 17
VisualStudioVersion = 17.14.36915.13 d17.14
MinimumVisualStudioVersion = 10.0.40219.1
Project("{FAE04EC0-301F-11D3-BF4B-00C04F79EFBC}") = "Assignment 02 Adv", "Assignment 02 Adv\Assignment 02 Adv.csproj", "{73C24B23-209A-47DB-91E2-4061DA95A481}"
EndProject
Global
	GlobalSection(SolutionConfigurationPlatforms) = preSolution
		Debug|Any CPU = Debug|Any CPU
		Release|Any CPU = Release|Any CPU
	EndGlobalSection
	GlobalSection(ProjectConfigurationPlatforms) = postSolution
		{73C24B23-209A-47DB-91E2-4061DA95A481}.Debug|Any CPU.ActiveCfg = Debug|Any CPU
		{73C24B23-209A-47DB-91E2-4061DA95A481}.Debug|Any CPU.Build.0 = Debug|Any CPU
		{73C24B23-209A-47DB-91E2-4061DA95A481}.Release|Any CPU.ActiveCfg = Release|Any CPU
		{73C24B23-209A-47DB-91E2-4061DA95A481}.Release|Any CPU.Build.0 = Release|Any CPU
	EndGlobalSection
	GlobalSection(SolutionProperties) = preSolution
		HideSolutionNode = FALSE
	EndGlobalSection
	GlobalSection(ExtensibilityGlobals) = postSolution
		SolutionGuid = {CDE96CA1-AA04-43A5-849B-3D79D14D2DE6}
	EndGlobalSection
EndGlobal
